// !$*UTF8*$!
{
	archiveVersion = 1;
	classes = {
	};
	objectVersion = 56;
	objects = {

/* Begin PBXBuildFile section */
		041276AB2AE92CBB0007E052 /* AppDelegate.swift in Sources */ = {isa = PBXBuildFile; fileRef = 041276AA2AE92CBB0007E052 /* AppDelegate.swift */; };
		041276AD2AE92CBB0007E052 /* SceneDelegate.swift in Sources */ = {isa = PBXBuildFile; fileRef = 041276AC2AE92CBB0007E052 /* SceneDelegate.swift */; };
		041276AF2AE92CBB0007E052 /* FeedViewController.swift in Sources */ = {isa = PBXBuildFile; fileRef = 041276AE2AE92CBB0007E052 /* FeedViewController.swift */; };
		041276B22AE92CBB0007E052 /* Main.storyboard in Resources */ = {isa = PBXBuildFile; fileRef = 041276B02AE92CBB0007E052 /* Main.storyboard */; };
		041276B42AE92CBD0007E052 /* Assets.xcassets in Resources */ = {isa = PBXBuildFile; fileRef = 041276B32AE92CBD0007E052 /* Assets.xcassets */; };
		041276B72AE92CBD0007E052 /* LaunchScreen.storyboard in Resources */ = {isa = PBXBuildFile; fileRef = 041276B52AE92CBD0007E052 /* LaunchScreen.storyboard */; };
		041276C22AE930B80007E052 /* FeedPost.swift in Sources */ = {isa = PBXBuildFile; fileRef = 041276C12AE930B70007E052 /* FeedPost.swift */; };
		041276C42AE931230007E052 /* FullPost.swift in Sources */ = {isa = PBXBuildFile; fileRef = 041276C32AE931230007E052 /* FullPost.swift */; };
		041276C62AE931B30007E052 /* Response.swift in Sources */ = {isa = PBXBuildFile; fileRef = 041276C52AE931B30007E052 /* Response.swift */; };
		041276C82AE931E90007E052 /* PostAPI.swift in Sources */ = {isa = PBXBuildFile; fileRef = 041276C72AE931E90007E052 /* PostAPI.swift */; };
		041276CA2AE9324C0007E052 /* PostNetwork.swift in Sources */ = {isa = PBXBuildFile; fileRef = 041276C92AE9324C0007E052 /* PostNetwork.swift */; };
		041276CC2AE932B90007E052 /* PostNetworkManager.swift in Sources */ = {isa = PBXBuildFile; fileRef = 041276CB2AE932B90007E052 /* PostNetworkManager.swift */; };
		041276D02AE937610007E052 /* FeedPostTableViewCell.swift in Sources */ = {isa = PBXBuildFile; fileRef = 041276CF2AE937610007E052 /* FeedPostTableViewCell.swift */; };
		041276D22AE955F10007E052 /* FullPostTableViewCell.swift in Sources */ = {isa = PBXBuildFile; fileRef = 041276D12AE955F10007E052 /* FullPostTableViewCell.swift */; };
		041276D42AE9564F0007E052 /* PostViewController.swift in Sources */ = {isa = PBXBuildFile; fileRef = 041276D32AE9564F0007E052 /* PostViewController.swift */; };
/* End PBXBuildFile section */

/* Begin PBXFileReference section */
		041276A72AE92CBB0007E052 /* Natife_TT.app */ = {isa = PBXFileReference; explicitFileType = wrapper.application; includeInIndex = 0; path = Natife_TT.app; sourceTree = BUILT_PRODUCTS_DIR; };
		041276AA2AE92CBB0007E052 /* AppDelegate.swift */ = {isa = PBXFileReference; lastKnownFileType = sourcecode.swift; path = AppDelegate.swift; sourceTree = "<group>"; };
		041276AC2AE92CBB0007E052 /* SceneDelegate.swift */ = {isa = PBXFileReference; lastKnownFileType = sourcecode.swift; path = SceneDelegate.swift; sourceTree = "<group>"; };
		041276AE2AE92CBB0007E052 /* FeedViewController.swift */ = {isa = PBXFileReference; lastKnownFileType = sourcecode.swift; path = FeedViewController.swift; sourceTree = "<group>"; };
		041276B12AE92CBB0007E052 /* Base */ = {isa = PBXFileReference; lastKnownFileType = file.storyboard; name = Base; path = Base.lproj/Main.storyboard; sourceTree = "<group>"; };
		041276B32AE92CBD0007E052 /* Assets.xcassets */ = {isa = PBXFileReference; lastKnownFileType = folder.assetcatalog; path = Assets.xcassets; sourceTree = "<group>"; };
		041276B62AE92CBD0007E052 /* Base */ = {isa = PBXFileReference; lastKnownFileType = file.storyboard; name = Base; path = Base.lproj/LaunchScreen.storyboard; sourceTree = "<group>"; };
		041276B82AE92CBD0007E052 /* Info.plist */ = {isa = PBXFileReference; lastKnownFileType = text.plist.xml; path = Info.plist; sourceTree = "<group>"; };
		041276C12AE930B70007E052 /* FeedPost.swift */ = {isa = PBXFileReference; lastKnownFileType = sourcecode.swift; path = FeedPost.swift; sourceTree = "<group>"; };
		041276C32AE931230007E052 /* FullPost.swift */ = {isa = PBXFileReference; lastKnownFileType = sourcecode.swift; path = FullPost.swift; sourceTree = "<group>"; };
		041276C52AE931B30007E052 /* Response.swift */ = {isa = PBXFileReference; lastKnownFileType = sourcecode.swift; path = Response.swift; sourceTree = "<group>"; };
		041276C72AE931E90007E052 /* PostAPI.swift */ = {isa = PBXFileReference; lastKnownFileType = sourcecode.swift; path = PostAPI.swift; sourceTree = "<group>"; };
		041276C92AE9324C0007E052 /* PostNetwork.swift */ = {isa = PBXFileReference; lastKnownFileType = sourcecode.swift; path = PostNetwork.swift; sourceTree = "<group>"; };
		041276CB2AE932B90007E052 /* PostNetworkManager.swift */ = {isa = PBXFileReference; lastKnownFileType = sourcecode.swift; path = PostNetworkManager.swift; sourceTree = "<group>"; };
		041276CF2AE937610007E052 /* FeedPostTableViewCell.swift */ = {isa = PBXFileReference; lastKnownFileType = sourcecode.swift; path = FeedPostTableViewCell.swift; sourceTree = "<group>"; };
		041276D12AE955F10007E052 /* FullPostTableViewCell.swift */ = {isa = PBXFileReference; lastKnownFileType = sourcecode.swift; path = FullPostTableViewCell.swift; sourceTree = "<group>"; };
		041276D32AE9564F0007E052 /* PostViewController.swift */ = {isa = PBXFileReference; lastKnownFileType = sourcecode.swift; path = PostViewController.swift; sourceTree = "<group>"; };
/* End PBXFileReference section */

/* Begin PBXFrameworksBuildPhase section */
		041276A42AE92CBB0007E052 /* Frameworks */ = {
			isa = PBXFrameworksBuildPhase;
			buildActionMask = 2147483647;
			files = (
			);
			runOnlyForDeploymentPostprocessing = 0;
		};
/* End PBXFrameworksBuildPhase section */

/* Begin PBXGroup section */
		0412769E2AE92CBB0007E052 = {
			isa = PBXGroup;
			children = (
				041276A92AE92CBB0007E052 /* Natife_TT */,
				041276A82AE92CBB0007E052 /* Products */,
			);
			sourceTree = "<group>";
		};
		041276A82AE92CBB0007E052 /* Products */ = {
			isa = PBXGroup;
			children = (
				041276A72AE92CBB0007E052 /* Natife_TT.app */,
			);
			name = Products;
			sourceTree = "<group>";
		};
		041276A92AE92CBB0007E052 /* Natife_TT */ = {
			isa = PBXGroup;
			children = (
				041276CD2AE934C50007E052 /* VC */,
				041276BE2AE930960007E052 /* NetworkLayer */,
				041276AA2AE92CBB0007E052 /* AppDelegate.swift */,
				041276AC2AE92CBB0007E052 /* SceneDelegate.swift */,
				041276B02AE92CBB0007E052 /* Main.storyboard */,
				041276B32AE92CBD0007E052 /* Assets.xcassets */,
				041276B52AE92CBD0007E052 /* LaunchScreen.storyboard */,
				041276B82AE92CBD0007E052 /* Info.plist */,
			);
			path = Natife_TT;
			sourceTree = "<group>";
		};
		041276BE2AE930960007E052 /* NetworkLayer */ = {
			isa = PBXGroup;
			children = (
				041276C02AE930A80007E052 /* NetworkManager */,
				041276BF2AE930A30007E052 /* Model */,
			);
			path = NetworkLayer;
			sourceTree = "<group>";
		};
		041276BF2AE930A30007E052 /* Model */ = {
			isa = PBXGroup;
			children = (
				041276C12AE930B70007E052 /* FeedPost.swift */,
				041276C32AE931230007E052 /* FullPost.swift */,
				041276C52AE931B30007E052 /* Response.swift */,
			);
			path = Model;
			sourceTree = "<group>";
		};
		041276C02AE930A80007E052 /* NetworkManager */ = {
			isa = PBXGroup;
			children = (
				041276C72AE931E90007E052 /* PostAPI.swift */,
				041276C92AE9324C0007E052 /* PostNetwork.swift */,
				041276CB2AE932B90007E052 /* PostNetworkManager.swift */,
			);
			path = NetworkManager;
			sourceTree = "<group>";
		};
		041276CD2AE934C50007E052 /* VC */ = {
			isa = PBXGroup;
			children = (
				041276CE2AE937330007E052 /* Cells */,
				041276AE2AE92CBB0007E052 /* FeedViewController.swift */,
				041276D32AE9564F0007E052 /* PostViewController.swift */,
			);
			path = VC;
			sourceTree = "<group>";
		};
		041276CE2AE937330007E052 /* Cells */ = {
			isa = PBXGroup;
			children = (
				041276CF2AE937610007E052 /* FeedPostTableViewCell.swift */,
				041276D12AE955F10007E052 /* FullPostTableViewCell.swift */,
			);
			path = Cells;
			sourceTree = "<group>";
		};
/* End PBXGroup section */

/* Begin PBXNativeTarget section */
		041276A62AE92CBB0007E052 /* Natife_TT */ = {
			isa = PBXNativeTarget;
			buildConfigurationList = 041276BB2AE92CBD0007E052 /* Build configuration list for PBXNativeTarget "Natife_TT" */;
			buildPhases = (
				041276A32AE92CBB0007E052 /* Sources */,
				041276A42AE92CBB0007E052 /* Frameworks */,
				041276A52AE92CBB0007E052 /* Resources */,
			);
			buildRules = (
			);
			dependencies = (
			);
			name = Natife_TT;
			productName = Natife_TT;
			productReference = 041276A72AE92CBB0007E052 /* Natife_TT.app */;
			productType = "com.apple.product-type.application";
		};
/* End PBXNativeTarget section */

/* Begin PBXProject section */
		0412769F2AE92CBB0007E052 /* Project object */ = {
			isa = PBXProject;
			attributes = {
				BuildIndependentTargetsInParallel = 1;
				LastSwiftUpdateCheck = 1420;
				LastUpgradeCheck = 1420;
				TargetAttributes = {
					041276A62AE92CBB0007E052 = {
						CreatedOnToolsVersion = 14.2;
					};
				};
			};
			buildConfigurationList = 041276A22AE92CBB0007E052 /* Build configuration list for PBXProject "Natife_TT" */;
			compatibilityVersion = "Xcode 14.0";
			developmentRegion = en;
			hasScannedForEncodings = 0;
			knownRegions = (
				en,
				Base,
			);
			mainGroup = 0412769E2AE92CBB0007E052;
			productRefGroup = 041276A82AE92CBB0007E052 /* Products */;
			projectDirPath = "";
			projectRoot = "";
			targets = (
				041276A62AE92CBB0007E052 /* Natife_TT */,
			);
		};
/* End PBXProject section */

/* Begin PBXResourcesBuildPhase section */
		041276A52AE92CBB0007E052 /* Resources */ = {
			isa = PBXResourcesBuildPhase;
			buildActionMask = 2147483647;
			files = (
				041276B72AE92CBD0007E052 /* LaunchScreen.storyboard in Resources */,
				041276B42AE92CBD0007E052 /* Assets.xcassets in Resources */,
				041276B22AE92CBB0007E052 /* Main.storyboard in Resources */,
			);
			runOnlyForDeploymentPostprocessing = 0;
		};
/* End PBXResourcesBuildPhase section */

/* Begin PBXSourcesBuildPhase section */
		041276A32AE92CBB0007E052 /* Sources */ = {
			isa = PBXSourcesBuildPhase;
			buildActionMask = 2147483647;
			files = (
				041276D42AE9564F0007E052 /* PostViewController.swift in Sources */,
				041276AF2AE92CBB0007E052 /* FeedViewController.swift in Sources */,
				041276C82AE931E90007E052 /* PostAPI.swift in Sources */,
				041276C42AE931230007E052 /* FullPost.swift in Sources */,
				041276AB2AE92CBB0007E052 /* AppDelegate.swift in Sources */,
				041276CA2AE9324C0007E052 /* PostNetwork.swift in Sources */,
				041276CC2AE932B90007E052 /* PostNetworkManager.swift in Sources */,
				041276D22AE955F10007E052 /* FullPostTableViewCell.swift in Sources */,
				041276AD2AE92CBB0007E052 /* SceneDelegate.swift in Sources */,
				041276C62AE931B30007E052 /* Response.swift in Sources */,
				041276C22AE930B80007E052 /* FeedPost.swift in Sources */,
				041276D02AE937610007E052 /* FeedPostTableViewCell.swift in Sources */,
			);
			runOnlyForDeploymentPostprocessing = 0;
		};
/* End PBXSourcesBuildPhase section */

/* Begin PBXVariantGroup section */
		041276B02AE92CBB0007E052 /* Main.storyboard */ = {
			isa = PBXVariantGroup;
			children = (
				041276B12AE92CBB0007E052 /* Base */,
			);
			name = Main.storyboard;
			sourceTree = "<group>";
		};
		041276B52AE92CBD0007E052 /* LaunchScreen.storyboard */ = {
			isa = PBXVariantGroup;
			children = (
				041276B62AE92CBD0007E052 /* Base */,
			);
			name = LaunchScreen.storyboard;
			sourceTree = "<group>";
		};
/* End PBXVariantGroup section */

/* Begin XCBuildConfiguration section */
		041276B92AE92CBD0007E052 /* Debug */ = {
			isa = XCBuildConfiguration;
			buildSettings = {
				ALWAYS_SEARCH_USER_PATHS = NO;
				CLANG_ANALYZER_NONNULL = YES;
				CLANG_ANALYZER_NUMBER_OBJECT_CONVERSION = YES_AGGRESSIVE;
				CLANG_CXX_LANGUAGE_STANDARD = "gnu++20";
				CLANG_ENABLE_MODULES = YES;
				CLANG_ENABLE_OBJC_ARC = YES;
				CLANG_ENABLE_OBJC_WEAK = YES;
				CLANG_WARN_BLOCK_CAPTURE_AUTORELEASING = YES;
				CLANG_WARN_BOOL_CONVERSION = YES;
				CLANG_WARN_COMMA = YES;
				CLANG_WARN_CONSTANT_CONVERSION = YES;
				CLANG_WARN_DEPRECATED_OBJC_IMPLEMENTATIONS = YES;
				CLANG_WARN_DIRECT_OBJC_ISA_USAGE = YES_ERROR;
				CLANG_WARN_DOCUMENTATION_COMMENTS = YES;
				CLANG_WARN_EMPTY_BODY = YES;
				CLANG_WARN_ENUM_CONVERSION = YES;
				CLANG_WARN_INFINITE_RECURSION = YES;
				CLANG_WARN_INT_CONVERSION = YES;
				CLANG_WARN_NON_LITERAL_NULL_CONVERSION = YES;
				CLANG_WARN_OBJC_IMPLICIT_RETAIN_SELF = YES;
				CLANG_WARN_OBJC_LITERAL_CONVERSION = YES;
				CLANG_WARN_OBJC_ROOT_CLASS = YES_ERROR;
				CLANG_WARN_QUOTED_INCLUDE_IN_FRAMEWORK_HEADER = YES;
				CLANG_WARN_RANGE_LOOP_ANALYSIS = YES;
				CLANG_WARN_STRICT_PROTOTYPES = YES;
				CLANG_WARN_SUSPICIOUS_MOVE = YES;
				CLANG_WARN_UNGUARDED_AVAILABILITY = YES_AGGRESSIVE;
				CLANG_WARN_UNREACHABLE_CODE = YES;
				CLANG_WARN__DUPLICATE_METHOD_MATCH = YES;
				COPY_PHASE_STRIP = NO;
				DEBUG_INFORMATION_FORMAT = dwarf;
				ENABLE_STRICT_OBJC_MSGSEND = YES;
				ENABLE_TESTABILITY = YES;
				GCC_C_LANGUAGE_STANDARD = gnu11;
				GCC_DYNAMIC_NO_PIC = NO;
				GCC_NO_COMMON_BLOCKS = YES;
				GCC_OPTIMIZATION_LEVEL = 0;
				GCC_PREPROCESSOR_DEFINITIONS = (
					"DEBUG=1",
					"$(inherited)",
				);
				GCC_WARN_64_TO_32_BIT_CONVERSION = YES;
				GCC_WARN_ABOUT_RETURN_TYPE = YES_ERROR;
				GCC_WARN_UNDECLARED_SELECTOR = YES;
				GCC_WARN_UNINITIALIZED_AUTOS = YES_AGGRESSIVE;
				GCC_WARN_UNUSED_FUNCTION = YES;
				GCC_WARN_UNUSED_VARIABLE = YES;
				IPHONEOS_DEPLOYMENT_TARGET = 16.2;
				MTL_ENABLE_DEBUG_INFO = INCLUDE_SOURCE;
				MTL_FAST_MATH = YES;
				ONLY_ACTIVE_ARCH = YES;
				SDKROOT = iphoneos;
				SWIFT_ACTIVE_COMPILATION_CONDITIONS = DEBUG;
				SWIFT_OPTIMIZATION_LEVEL = "-Onone";
			};
			name = Debug;
		};
		041276BA2AE92CBD0007E052 /* Release */ = {
			isa = XCBuildConfiguration;
			buildSettings = {
				ALWAYS_SEARCH_USER_PATHS = NO;
				CLANG_ANALYZER_NONNULL = YES;
				CLANG_ANALYZER_NUMBER_OBJECT_CONVERSION = YES_AGGRESSIVE;
				CLANG_CXX_LANGUAGE_STANDARD = "gnu++20";
				CLANG_ENABLE_MODULES = YES;
				CLANG_ENABLE_OBJC_ARC = YES;
				CLANG_ENABLE_OBJC_WEAK = YES;
				CLANG_WARN_BLOCK_CAPTURE_AUTORELEASING = YES;
				CLANG_WARN_BOOL_CONVERSION = YES;
				CLANG_WARN_COMMA = YES;
				CLANG_WARN_CONSTANT_CONVERSION = YES;
				CLANG_WARN_DEPRECATED_OBJC_IMPLEMENTATIONS = YES;
				CLANG_WARN_DIRECT_OBJC_ISA_USAGE = YES_ERROR;
				CLANG_WARN_DOCUMENTATION_COMMENTS = YES;
				CLANG_WARN_EMPTY_BODY = YES;
				CLANG_WARN_ENUM_CONVERSION = YES;
				CLANG_WARN_INFINITE_RECURSION = YES;
				CLANG_WARN_INT_CONVERSION = YES;
				CLANG_WARN_NON_LITERAL_NULL_CONVERSION = YES;
				CLANG_WARN_OBJC_IMPLICIT_RETAIN_SELF = YES;
				CLANG_WARN_OBJC_LITERAL_CONVERSION = YES;
				CLANG_WARN_OBJC_ROOT_CLASS = YES_ERROR;
				CLANG_WARN_QUOTED_INCLUDE_IN_FRAMEWORK_HEADER = YES;
				CLANG_WARN_RANGE_LOOP_ANALYSIS = YES;
				CLANG_WARN_STRICT_PROTOTYPES = YES;
				CLANG_WARN_SUSPICIOUS_MOVE = YES;
				CLANG_WARN_UNGUARDED_AVAILABILITY = YES_AGGRESSIVE;
				CLANG_WARN_UNREACHABLE_CODE = YES;
				CLANG_WARN__DUPLICATE_METHOD_MATCH = YES;
				COPY_PHASE_STRIP = NO;
				DEBUG_INFORMATION_FORMAT = "dwarf-with-dsym";
				ENABLE_NS_ASSERTIONS = NO;
				ENABLE_STRICT_OBJC_MSGSEND = YES;
				GCC_C_LANGUAGE_STANDARD = gnu11;
				GCC_NO_COMMON_BLOCKS = YES;
				GCC_WARN_64_TO_32_BIT_CONVERSION = YES;
				GCC_WARN_ABOUT_RETURN_TYPE = YES_ERROR;
				GCC_WARN_UNDECLARED_SELECTOR = YES;
				GCC_WARN_UNINITIALIZED_AUTOS = YES_AGGRESSIVE;
				GCC_WARN_UNUSED_FUNCTION = YES;
				GCC_WARN_UNUSED_VARIABLE = YES;
				IPHONEOS_DEPLOYMENT_TARGET = 16.2;
				MTL_ENABLE_DEBUG_INFO = NO;
				MTL_FAST_MATH = YES;
				SDKROOT = iphoneos;
				SWIFT_COMPILATION_MODE = wholemodule;
				SWIFT_OPTIMIZATION_LEVEL = "-O";
				VALIDATE_PRODUCT = YES;
			};
			name = Release;
		};
		041276BC2AE92CBD0007E052 /* Debug */ = {
			isa = XCBuildConfiguration;
			buildSettings = {
				ASSETCATALOG_COMPILER_APPICON_NAME = AppIcon;
				ASSETCATALOG_COMPILER_GLOBAL_ACCENT_COLOR_NAME = AccentColor;
				CODE_SIGN_STYLE = Automatic;
				CURRENT_PROJECT_VERSION = 1;
				GENERATE_INFOPLIST_FILE = YES;
				INFOPLIST_FILE = Natife_TT/Info.plist;
				INFOPLIST_KEY_UIApplicationSupportsIndirectInputEvents = YES;
				INFOPLIST_KEY_UILaunchStoryboardName = LaunchScreen;
				INFOPLIST_KEY_UIMainStoryboardFile = Main;
				INFOPLIST_KEY_UISupportedInterfaceOrientations_iPad = "UIInterfaceOrientationPortrait UIInterfaceOrientationPortraitUpsideDown UIInterfaceOrientationLandscapeLeft UIInterfaceOrientationLandscapeRight";
				INFOPLIST_KEY_UISupportedInterfaceOrientations_iPhone = "UIInterfaceOrientationPortrait UIInterfaceOrientationLandscapeLeft UIInterfaceOrientationLandscapeRight";
				LD_RUNPATH_SEARCH_PATHS = (
					"$(inherited)",
					"@executable_path/Frameworks",
				);
				MARKETING_VERSION = 1.0;
				PRODUCT_BUNDLE_IDENTIFIER = "com.JaneStr.Natife-TT";
				PRODUCT_NAME = "$(TARGET_NAME)";
				SWIFT_EMIT_LOC_STRINGS = YES;
				SWIFT_VERSION = 5.0;
				TARGETED_DEVICE_FAMILY = "1,2";
			};
			name = Debug;
		};
		041276BD2AE92CBD0007E052 /* Release */ = {
			isa = XCBuildConfiguration;
			buildSettings = {
				ASSETCATALOG_COMPILER_APPICON_NAME = AppIcon;
				ASSETCATALOG_COMPILER_GLOBAL_ACCENT_COLOR_NAME = AccentColor;
				CODE_SIGN_STYLE = Automatic;
				CURRENT_PROJECT_VERSION = 1;
				GENERATE_INFOPLIST_FILE = YES;
				INFOPLIST_FILE = Natife_TT/Info.plist;
				INFOPLIST_KEY_UIApplicationSupportsIndirectInputEvents = YES;
				INFOPLIST_KEY_UILaunchStoryboardName = LaunchScreen;
				INFOPLIST_KEY_UIMainStoryboardFile = Main;
				INFOPLIST_KEY_UISupportedInterfaceOrientations_iPad = "UIInterfaceOrientationPortrait UIInterfaceOrientationPortraitUpsideDown UIInterfaceOrientationLandscapeLeft UIInterfaceOrientationLandscapeRight";
				INFOPLIST_KEY_UISupportedInterfaceOrientations_iPhone = "UIInterfaceOrientationPortrait UIInterfaceOrientationLandscapeLeft UIInterfaceOrientationLandscapeRight";
				LD_RUNPATH_SEARCH_PATHS = (
					"$(inherited)",
					"@executable_path/Frameworks",
				);
				MARKETING_VERSION = 1.0;
				PRODUCT_BUNDLE_IDENTIFIER = "com.JaneStr.Natife-TT";
				PRODUCT_NAME = "$(TARGET_NAME)";
				SWIFT_EMIT_LOC_STRINGS = YES;
				SWIFT_VERSION = 5.0;
				TARGETED_DEVICE_FAMILY = "1,2";
			};
			name = Release;
		};
/* End XCBuildConfiguration section */

/* Begin XCConfigurationList section */
		041276A22AE92CBB0007E052 /* Build configuration list for PBXProject "Natife_TT" */ = {
			isa = XCConfigurationList;
			buildConfigurations = (
				041276B92AE92CBD0007E052 /* Debug */,
				041276BA2AE92CBD0007E052 /* Release */,
			);
			defaultConfigurationIsVisible = 0;
			defaultConfigurationName = Release;
		};
		041276BB2AE92CBD0007E052 /* Build configuration list for PBXNativeTarget "Natife_TT" */ = {
			isa = XCConfigurationList;
			buildConfigurations = (
				041276BC2AE92CBD0007E052 /* Debug */,
				041276BD2AE92CBD0007E052 /* Release */,
			);
			defaultConfigurationIsVisible = 0;
			defaultConfigurationName = Release;
		};
/* End XCConfigurationList section */
	};
	rootObject = 0412769F2AE92CBB0007E052 /* Project object */;
}
